
Microsoft Visual Studio Solution File, Format Version 12.00
# Visual Studio 15
Project("{FAE04EC0-301F-11D3-BF4B-00C04F79EFBC}") = "ExtendControl.iOS", "ExtendControl.iOS\ExtendControl.iOS.csproj", "{58D4D60D-F497-447B-BEAE-6BF4E4F791B0}"
EndProject
Project("{FAE04EC0-301F-11D3-BF4B-00C04F79EFBC}") = "ExtendControl", "ExtendControl\ExtendControl.csproj", "{CF9E0638-95CD-4068-8305-262DC39EBF1E}"
EndProject
Global
	GlobalSection(SolutionConfigurationPlatforms) = preSolution
		Debug|iPhoneSimulator = Debug|iPhoneSimulator
		Release|iPhoneSimulator = Release|iPhoneSimulator
		Debug|iPhone = Debug|iPhone
		Release|iPhone = Release|iPhone
		Debug|Any CPU = Debug|Any CPU
		Release|Any CPU = Release|Any CPU
	EndGlobalSection
	GlobalSection(ProjectConfigurationPlatforms) = postSolution
		{58D4D60D-F497-447B-BEAE-6BF4E4F791B0}.Debug|iPhoneSimulator.ActiveCfg = Debug|iPhoneSimulator
		{58D4D60D-F497-447B-BEAE-6BF4E4F791B0}.Debug|iPhoneSimulator.Build.0 = Debug|iPhoneSimulator
		{58D4D60D-F497-447B-BEAE-6BF4E4F791B0}.Release|iPhoneSimulator.ActiveCfg = Release|iPhoneSimulator
		{58D4D60D-F497-447B-BEAE-6BF4E4F791B0}.Release|iPhoneSimulator.Build.0 = Release|iPhoneSimulator
		{58D4D60D-F497-447B-BEAE-6BF4E4F791B0}.Debug|iPhone.ActiveCfg = Debug|iPhone
		{58D4D60D-F497-447B-BEAE-6BF4E4F791B0}.Debug|iPhone.Build.0 = Debug|iPhone
		{58D4D60D-F497-447B-BEAE-6BF4E4F791B0}.Release|iPhone.ActiveCfg = Release|iPhone
		{58D4D60D-F497-447B-BEAE-6BF4E4F791B0}.Release|iPhone.Build.0 = Release|iPhone
		{58D4D60D-F497-447B-BEAE-6BF4E4F791B0}.Debug|Any CPU.ActiveCfg = Debug|iPhoneSimulator
		{58D4D60D-F497-447B-BEAE-6BF4E4F791B0}.Debug|Any CPU.Build.0 = Debug|iPhoneSimulator
		{58D4D60D-F497-447B-BEAE-6BF4E4F791B0}.Release|Any CPU.ActiveCfg = Release|iPhoneSimulator
		{58D4D60D-F497-447B-BEAE-6BF4E4F791B0}.Release|Any CPU.Build.0 = Release|iPhoneSimulator
		{CF9E0638-95CD-4068-8305-262DC39EBF1E}.Debug|iPhoneSimulator.ActiveCfg = Debug|Any CPU
		{CF9E0638-95CD-4068-8305-262DC39EBF1E}.Debug|iPhoneSimulator.Build.0 = Debug|Any CPU
		{CF9E0638-95CD-4068-8305-262DC39EBF1E}.Release|iPhoneSimulator.ActiveCfg = Release|Any CPU
		{CF9E0638-95CD-4068-8305-262DC39EBF1E}.Release|iPhoneSimulator.Build.0 = Release|Any CPU
		{CF9E0638-95CD-4068-8305-262DC39EBF1E}.Debug|iPhone.ActiveCfg = Debug|Any CPU
		{CF9E0638-95CD-4068-8305-262DC39EBF1E}.Debug|iPhone.Build.0 = Debug|Any CPU
		{CF9E0638-95CD-4068-8305-262DC39EBF1E}.Release|iPhone.ActiveCfg = Release|Any CPU
		{CF9E0638-95CD-4068-8305-262DC39EBF1E}.Release|iPhone.Build.0 = Release|Any CPU
		{CF9E0638-95CD-4068-8305-262DC39EBF1E}.Debug|Any CPU.ActiveCfg = Debug|Any CPU
		{CF9E0638-95CD-4068-8305-262DC39EBF1E}.Debug|Any CPU.Build.0 = Debug|Any CPU
		{CF9E0638-95CD-4068-8305-262DC39EBF1E}.Release|Any CPU.ActiveCfg = Release|Any CPU
		{CF9E0638-95CD-4068-8305-262DC39EBF1E}.Release|Any CPU.Build.0 = Release|Any CPU
	EndGlobalSection
EndGlobal
